
Microsoft Visual Studio Solution File, Format Version 12.00
# Visual Studio 15
VisualStudioVersion = 15.0.27703.2042
MinimumVisualStudioVersion = 10.0.40219.1
Project("{FAE04EC0-301F-11D3-BF4B-00C04F79EFBC}") = "Modist", "Modist\Modist.csproj", "{4B9368F8-EBC4-4A34-8092-604C78C424EB}"
EndProject
Project("{FAE04EC0-301F-11D3-BF4B-00C04F79EFBC}") = "Modist.Entities", "Modist.Entities\Modist.Entities.csproj", "{2A3061A2-6623-43A4-9271-44389169A833}"
EndProject
Global
	GlobalSection(SolutionConfigurationPlatforms) = preSolution
		Debug|Any CPU = Debug|Any CPU
		Release|Any CPU = Release|Any CPU
	EndGlobalSection
	GlobalSection(ProjectConfigurationPlatforms) = postSolution
		{4B9368F8-EBC4-4A34-8092-604C78C424EB}.Debug|Any CPU.ActiveCfg = Debug|Any CPU
		{4B9368F8-EBC4-4A34-8092-604C78C424EB}.Debug|Any CPU.Build.0 = Debug|Any CPU
		{4B9368F8-EBC4-4A34-8092-604C78C424EB}.Release|Any CPU.ActiveCfg = Release|Any CPU
		{4B9368F8-EBC4-4A34-8092-604C78C424EB}.Release|Any CPU.Build.0 = Release|Any CPU
		{2A3061A2-6623-43A4-9271-44389169A833}.Debug|Any CPU.ActiveCfg = Debug|Any CPU
		{2A3061A2-6623-43A4-9271-44389169A833}.Debug|Any CPU.Build.0 = Debug|Any CPU
		{2A3061A2-6623-43A4-9271-44389169A833}.Release|Any CPU.ActiveCfg = Release|Any CPU
		{2A3061A2-6623-43A4-9271-44389169A833}.Release|Any CPU.Build.0 = Release|Any CPU
	EndGlobalSection
	GlobalSection(SolutionProperties) = preSolution
		HideSolutionNode = FALSE
	EndGlobalSection
	GlobalSection(ExtensibilityGlobals) = postSolution
		SolutionGuid = {3E1D8C35-64ED-4F10-9044-DA9D939153C0}
	EndGlobalSection
EndGlobal
